
Microsoft Visual Studio Solution File, Format Version 12.00
# Visual Studio 15
VisualStudioVersion = 15.0.27130.2010
MinimumVisualStudioVersion = 10.0.40219.1
Project("{2150E333-8FDC-42A3-9474-1A3956D46DE8}") = "Timer", "Timer", "{191A8DFB-15D5-4555-B432-2C5A75D0DEFF}"
EndProject
Project("{FAE04EC0-301F-11D3-BF4B-00C04F79EFBC}") = "RxTimerSample", "Timer\RxTimerSample.csproj", "{1443A6F4-615E-4AAE-884B-7956D22ADF28}"
EndProject
Project("{2150E333-8FDC-42A3-9474-1A3956D46DE8}") = "Return", "Return", "{F8BB1BBB-E49F-42DD-966B-3B4793BEE199}"
EndProject
Project("{FAE04EC0-301F-11D3-BF4B-00C04F79EFBC}") = "RxReturnSample", "Return\RxReturnSample.csproj", "{49FEA441-0182-44F7-B094-F58392799163}"
EndProject
Project("{2150E333-8FDC-42A3-9474-1A3956D46DE8}") = "Repeat", "Repeat", "{0A8976A1-E1F1-420D-B11D-C6FC1053A937}"
EndProject
Project("{FAE04EC0-301F-11D3-BF4B-00C04F79EFBC}") = "RxRepeatSample", "Repeat\RxRepeatSample\RxRepeatSample.csproj", "{20012076-5B5F-4E62-AA1D-B97C0D881619}"
EndProject
Project("{2150E333-8FDC-42A3-9474-1A3956D46DE8}") = "Range", "Range", "{87B7B3AC-5EA3-4541-B69A-BF39BE9FEC13}"
EndProject
Project("{FAE04EC0-301F-11D3-BF4B-00C04F79EFBC}") = "RxRangeSample", "Range\RxRangeSample\RxRangeSample.csproj", "{8186D336-A3EB-4129-9CD0-529F88843758}"
EndProject
Project("{2150E333-8FDC-42A3-9474-1A3956D46DE8}") = "Generate", "Generate", "{8FFE9F11-C9BE-47FE-97E1-D50576B495C5}"
EndProject
Project("{FAE04EC0-301F-11D3-BF4B-00C04F79EFBC}") = "RxGenerateSample", "Generate\RxGenerateSample\RxGenerateSample.csproj", "{16D4FDA6-4C3F-4C52-B88E-2406C95C1C2D}"
EndProject
Project("{2150E333-8FDC-42A3-9474-1A3956D46DE8}") = "Defer", "Defer", "{52E84636-DAE6-488A-B811-1CE866084E66}"
EndProject
Project("{FAE04EC0-301F-11D3-BF4B-00C04F79EFBC}") = "RxDeferSample", "Defer\RxDeferSample\RxDeferSample.csproj", "{DB2256E4-9E29-41E8-AF7C-D2534416580F}"
EndProject
Project("{2150E333-8FDC-42A3-9474-1A3956D46DE8}") = "Create", "Create", "{EEA76C13-F61F-4725-A9C7-555CB1172E44}"
EndProject
Project("{FAE04EC0-301F-11D3-BF4B-00C04F79EFBC}") = "RxCreateSample", "Create\RxCreate\RxCreateSample.csproj", "{7A094CE8-A65F-409D-B0FB-0B9186DDF18A}"
EndProject
Project("{2150E333-8FDC-42A3-9474-1A3956D46DE8}") = "Throw", "Throw", "{1EB10479-A5B1-4CFD-9F66-7A8B8FDB9367}"
EndProject
Project("{FAE04EC0-301F-11D3-BF4B-00C04F79EFBC}") = "RxThrowSample", "Throw\RxThrowSample\RxThrowSample.csproj", "{1422269A-7BE6-43A7-9CED-BF56EFC13079}"
EndProject
Project("{2150E333-8FDC-42A3-9474-1A3956D46DE8}") = "Using", "Using", "{5AC91EB9-56D5-484E-96BD-E730442FF12B}"
EndProject
Project("{FAE04EC0-301F-11D3-BF4B-00C04F79EFBC}") = "RxUsingSample", "Using\RxUsingSample\RxUsingSample.csproj", "{FEB2CAB5-5ABB-46AB-AA86-4F02194E31EC}"
EndProject
Project("{2150E333-8FDC-42A3-9474-1A3956D46DE8}") = "Interval", "Interval", "{FBCDB971-45FF-40C1-9060-4DC8D35BE1C1}"
EndProject
Project("{FAE04EC0-301F-11D3-BF4B-00C04F79EFBC}") = "RxIntervalSample", "Interval\RxIntervalSample\RxIntervalSample.csproj", "{4DC3B3FF-54B1-4EE0-8DA8-AA2A9BA577E0}"
EndProject
Project("{2150E333-8FDC-42A3-9474-1A3956D46DE8}") = "Generate_TimeSpan", "Generate_TimeSpan", "{9D421B72-EA84-449C-97E3-B1CF28E0A177}"
EndProject
Project("{FAE04EC0-301F-11D3-BF4B-00C04F79EFBC}") = "RxGenerate_TimeSpanSample", "Generate_TimeSpan\RxGenerate_TimeSpanSample\RxGenerate_TimeSpanSample.csproj", "{918A04B7-AC4F-4D81-AAE2-9DEB467ACF9D}"
EndProject
Project("{2150E333-8FDC-42A3-9474-1A3956D46DE8}") = "FromEvent", "FromEvent", "{842D2DA1-8584-4676-8261-332EEA637AD5}"
EndProject
Project("{FAE04EC0-301F-11D3-BF4B-00C04F79EFBC}") = "RxFromEventSample", "FromEvent\RxFromEventSample\RxFromEventSample.csproj", "{EBB02A34-FBD4-485D-AF5F-D1C92A3F5D70}"
EndProject
Project("{2150E333-8FDC-42A3-9474-1A3956D46DE8}") = "FromEvent_Simple", "FromEvent_Simple", "{5E342530-9514-4421-B200-4413F60C0ED6}"
EndProject
Project("{FAE04EC0-301F-11D3-BF4B-00C04F79EFBC}") = "FromEvent_SimpleSample", "FromEvent_Simple\FromEvent_SimpleSample\FromEvent_SimpleSample.csproj", "{727C73A7-97D4-4FD4-833F-ECABE1B1C742}"
EndProject
Project("{2150E333-8FDC-42A3-9474-1A3956D46DE8}") = "FromEventPattern", "FromEventPattern", "{98E13160-FBB1-4F29-BA89-631F473935A5}"
EndProject
Project("{FAE04EC0-301F-11D3-BF4B-00C04F79EFBC}") = "RxFromEventPatternSample", "FromEventPattern\RxFromEventPatternSample\RxFromEventPatternSample.csproj", "{84C5BD35-B4F4-4635-B46E-A659C2ED5521}"
EndProject
Global
	GlobalSection(SolutionConfigurationPlatforms) = preSolution
		Debug|Any CPU = Debug|Any CPU
		Release|Any CPU = Release|Any CPU
	EndGlobalSection
	GlobalSection(ProjectConfigurationPlatforms) = postSolution
		{1443A6F4-615E-4AAE-884B-7956D22ADF28}.Debug|Any CPU.ActiveCfg = Debug|Any CPU
		{1443A6F4-615E-4AAE-884B-7956D22ADF28}.Debug|Any CPU.Build.0 = Debug|Any CPU
		{1443A6F4-615E-4AAE-884B-7956D22ADF28}.Release|Any CPU.ActiveCfg = Release|Any CPU
		{1443A6F4-615E-4AAE-884B-7956D22ADF28}.Release|Any CPU.Build.0 = Release|Any CPU
		{49FEA441-0182-44F7-B094-F58392799163}.Debug|Any CPU.ActiveCfg = Debug|Any CPU
		{49FEA441-0182-44F7-B094-F58392799163}.Debug|Any CPU.Build.0 = Debug|Any CPU
		{49FEA441-0182-44F7-B094-F58392799163}.Release|Any CPU.ActiveCfg = Release|Any CPU
		{49FEA441-0182-44F7-B094-F58392799163}.Release|Any CPU.Build.0 = Release|Any CPU
		{20012076-5B5F-4E62-AA1D-B97C0D881619}.Debug|Any CPU.ActiveCfg = Debug|Any CPU
		{20012076-5B5F-4E62-AA1D-B97C0D881619}.Debug|Any CPU.Build.0 = Debug|Any CPU
		{20012076-5B5F-4E62-AA1D-B97C0D881619}.Release|Any CPU.ActiveCfg = Release|Any CPU
		{20012076-5B5F-4E62-AA1D-B97C0D881619}.Release|Any CPU.Build.0 = Release|Any CPU
		{8186D336-A3EB-4129-9CD0-529F88843758}.Debug|Any CPU.ActiveCfg = Debug|Any CPU
		{8186D336-A3EB-4129-9CD0-529F88843758}.Debug|Any CPU.Build.0 = Debug|Any CPU
		{8186D336-A3EB-4129-9CD0-529F88843758}.Release|Any CPU.ActiveCfg = Release|Any CPU
		{8186D336-A3EB-4129-9CD0-529F88843758}.Release|Any CPU.Build.0 = Release|Any CPU
		{16D4FDA6-4C3F-4C52-B88E-2406C95C1C2D}.Debug|Any CPU.ActiveCfg = Debug|Any CPU
		{16D4FDA6-4C3F-4C52-B88E-2406C95C1C2D}.Debug|Any CPU.Build.0 = Debug|Any CPU
		{16D4FDA6-4C3F-4C52-B88E-2406C95C1C2D}.Release|Any CPU.ActiveCfg = Release|Any CPU
		{16D4FDA6-4C3F-4C52-B88E-2406C95C1C2D}.Release|Any CPU.Build.0 = Release|Any CPU
		{DB2256E4-9E29-41E8-AF7C-D2534416580F}.Debug|Any CPU.ActiveCfg = Debug|Any CPU
		{DB2256E4-9E29-41E8-AF7C-D2534416580F}.Debug|Any CPU.Build.0 = Debug|Any CPU
		{DB2256E4-9E29-41E8-AF7C-D2534416580F}.Release|Any CPU.ActiveCfg = Release|Any CPU
		{DB2256E4-9E29-41E8-AF7C-D2534416580F}.Release|Any CPU.Build.0 = Release|Any CPU
		{7A094CE8-A65F-409D-B0FB-0B9186DDF18A}.Debug|Any CPU.ActiveCfg = Debug|Any CPU
		{7A094CE8-A65F-409D-B0FB-0B9186DDF18A}.Debug|Any CPU.Build.0 = Debug|Any CPU
		{7A094CE8-A65F-409D-B0FB-0B9186DDF18A}.Release|Any CPU.ActiveCfg = Release|Any CPU
		{7A094CE8-A65F-409D-B0FB-0B9186DDF18A}.Release|Any CPU.Build.0 = Release|Any CPU
		{1422269A-7BE6-43A7-9CED-BF56EFC13079}.Debug|Any CPU.ActiveCfg = Debug|Any CPU
		{1422269A-7BE6-43A7-9CED-BF56EFC13079}.Debug|Any CPU.Build.0 = Debug|Any CPU
		{1422269A-7BE6-43A7-9CED-BF56EFC13079}.Release|Any CPU.ActiveCfg = Release|Any CPU
		{1422269A-7BE6-43A7-9CED-BF56EFC13079}.Release|Any CPU.Build.0 = Release|Any CPU
		{FEB2CAB5-5ABB-46AB-AA86-4F02194E31EC}.Debug|Any CPU.ActiveCfg = Debug|Any CPU
		{FEB2CAB5-5ABB-46AB-AA86-4F02194E31EC}.Debug|Any CPU.Build.0 = Debug|Any CPU
		{FEB2CAB5-5ABB-46AB-AA86-4F02194E31EC}.Release|Any CPU.ActiveCfg = Release|Any CPU
		{FEB2CAB5-5ABB-46AB-AA86-4F02194E31EC}.Release|Any CPU.Build.0 = Release|Any CPU
		{4DC3B3FF-54B1-4EE0-8DA8-AA2A9BA577E0}.Debug|Any CPU.ActiveCfg = Debug|Any CPU
		{4DC3B3FF-54B1-4EE0-8DA8-AA2A9BA577E0}.Debug|Any CPU.Build.0 = Debug|Any CPU
		{4DC3B3FF-54B1-4EE0-8DA8-AA2A9BA577E0}.Release|Any CPU.ActiveCfg = Release|Any CPU
		{4DC3B3FF-54B1-4EE0-8DA8-AA2A9BA577E0}.Release|Any CPU.Build.0 = Release|Any CPU
		{918A04B7-AC4F-4D81-AAE2-9DEB467ACF9D}.Debug|Any CPU.ActiveCfg = Debug|Any CPU
		{918A04B7-AC4F-4D81-AAE2-9DEB467ACF9D}.Debug|Any CPU.Build.0 = Debug|Any CPU
		{918A04B7-AC4F-4D81-AAE2-9DEB467ACF9D}.Release|Any CPU.ActiveCfg = Release|Any CPU
		{918A04B7-AC4F-4D81-AAE2-9DEB467ACF9D}.Release|Any CPU.Build.0 = Release|Any CPU
		{EBB02A34-FBD4-485D-AF5F-D1C92A3F5D70}.Debug|Any CPU.ActiveCfg = Debug|Any CPU
		{EBB02A34-FBD4-485D-AF5F-D1C92A3F5D70}.Debug|Any CPU.Build.0 = Debug|Any CPU
		{EBB02A34-FBD4-485D-AF5F-D1C92A3F5D70}.Release|Any CPU.ActiveCfg = Release|Any CPU
		{EBB02A34-FBD4-485D-AF5F-D1C92A3F5D70}.Release|Any CPU.Build.0 = Release|Any CPU
		{727C73A7-97D4-4FD4-833F-ECABE1B1C742}.Debug|Any CPU.ActiveCfg = Debug|Any CPU
		{727C73A7-97D4-4FD4-833F-ECABE1B1C742}.Debug|Any CPU.Build.0 = Debug|Any CPU
		{727C73A7-97D4-4FD4-833F-ECABE1B1C742}.Release|Any CPU.ActiveCfg = Release|Any CPU
		{727C73A7-97D4-4FD4-833F-ECABE1B1C742}.Release|Any CPU.Build.0 = Release|Any CPU
		{84C5BD35-B4F4-4635-B46E-A659C2ED5521}.Debug|Any CPU.ActiveCfg = Debug|Any CPU
		{84C5BD35-B4F4-4635-B46E-A659C2ED5521}.Debug|Any CPU.Build.0 = Debug|Any CPU
		{84C5BD35-B4F4-4635-B46E-A659C2ED5521}.Release|Any CPU.ActiveCfg = Release|Any CPU
		{84C5BD35-B4F4-4635-B46E-A659C2ED5521}.Release|Any CPU.Build.0 = Release|Any CPU
	EndGlobalSection
	GlobalSection(SolutionProperties) = preSolution
		HideSolutionNode = FALSE
	EndGlobalSection
	GlobalSection(NestedProjects) = preSolution
		{1443A6F4-615E-4AAE-884B-7956D22ADF28} = {191A8DFB-15D5-4555-B432-2C5A75D0DEFF}
		{49FEA441-0182-44F7-B094-F58392799163} = {F8BB1BBB-E49F-42DD-966B-3B4793BEE199}
		{20012076-5B5F-4E62-AA1D-B97C0D881619} = {0A8976A1-E1F1-420D-B11D-C6FC1053A937}
		{8186D336-A3EB-4129-9CD0-529F88843758} = {87B7B3AC-5EA3-4541-B69A-BF39BE9FEC13}
		{16D4FDA6-4C3F-4C52-B88E-2406C95C1C2D} = {8FFE9F11-C9BE-47FE-97E1-D50576B495C5}
		{DB2256E4-9E29-41E8-AF7C-D2534416580F} = {52E84636-DAE6-488A-B811-1CE866084E66}
		{7A094CE8-A65F-409D-B0FB-0B9186DDF18A} = {EEA76C13-F61F-4725-A9C7-555CB1172E44}
		{1422269A-7BE6-43A7-9CED-BF56EFC13079} = {1EB10479-A5B1-4CFD-9F66-7A8B8FDB9367}
		{FEB2CAB5-5ABB-46AB-AA86-4F02194E31EC} = {5AC91EB9-56D5-484E-96BD-E730442FF12B}
		{4DC3B3FF-54B1-4EE0-8DA8-AA2A9BA577E0} = {FBCDB971-45FF-40C1-9060-4DC8D35BE1C1}
		{918A04B7-AC4F-4D81-AAE2-9DEB467ACF9D} = {9D421B72-EA84-449C-97E3-B1CF28E0A177}
		{EBB02A34-FBD4-485D-AF5F-D1C92A3F5D70} = {842D2DA1-8584-4676-8261-332EEA637AD5}
		{727C73A7-97D4-4FD4-833F-ECABE1B1C742} = {5E342530-9514-4421-B200-4413F60C0ED6}
		{84C5BD35-B4F4-4635-B46E-A659C2ED5521} = {98E13160-FBB1-4F29-BA89-631F473935A5}
	EndGlobalSection
	GlobalSection(ExtensibilityGlobals) = postSolution
		SolutionGuid = {D31769AD-329F-4DA4-8D3F-496A790903D3}
	EndGlobalSection
EndGlobal
